{
  "name": "notes-app-back-end",
  "version": "1.0.0",
  "lockfileVersion": 1,
  "requires": true,
  "dependencies": {
    "@hapi/accept": {
      "version": "6.0.0",
      "resolved": "http://npm-registry.gdn-app.com/@hapi%2faccept/-/accept-6.0.0.tgz",
      "integrity": "sha512-aG/Ml4kSBWCVmWvR8N8ULRuB385D8K/3OI7lquZQruH11eM7sHR5Nha30BbDzijJHtyV7Vwc6MlMwNfwb70ISg==",
      "requires": {
        "@hapi/boom": "^10.0.0",
        "@hapi/hoek": "^10.0.0"
      }
    },
    "@hapi/ammo": {
      "version": "6.0.0",
      "resolved": "http://npm-registry.gdn-app.com/@hapi%2fammo/-/ammo-6.0.0.tgz",
      "integrity": "sha512-lhX7SYtWScQaeAIL5XnE54WzyDgS5RXVeEtFEovyZcTdVzTYbo0nem56Bwko1PBcRxRUIw1v2tMb6sjFs6vEwg==",
      "requires": {
        "@hapi/hoek": "^10.0.0"
      }
    },
    "@hapi/b64": {
      "version": "6.0.0",
      "resolved": "http://npm-registry.gdn-app.com/@hapi%2fb64/-/b64-6.0.0.tgz",
      "integrity": "sha512-Es6o4BtzvMmNF28KJGuwUzUtMjF6ToZ1hQt3UOjaXc6TNkRefel+NyQSjc9b5q3Re7xwv23r0xK3Vo3yreaJHQ==",
      "requires": {
        "@hapi/hoek": "^10.0.0"
      }
    },
    "@hapi/boom": {
      "version": "10.0.0",
      "resolved": "http://npm-registry.gdn-app.com/@hapi%2fboom/-/boom-10.0.0.tgz",
      "integrity": "sha512-1YVs9tLHhypBqqinKQRqh7FUERIolarQApO37OWkzD+z6y6USi871Sv746zBPKcIOBuI6g6y4FrwX87mmJ90Gg==",
      "requires": {
        "@hapi/hoek": "10.x.x"
      }
    },
    "@hapi/bounce": {
      "version": "3.0.0",
      "resolved": "http://npm-registry.gdn-app.com/@hapi%2fbounce/-/bounce-3.0.0.tgz",
      "integrity": "sha512-L0G4NcwwOYRhpcXeL76hNrLTUcObqtZMB3z4kcRVUZcR/w3v6C5Q1cTElV4/V7og1fG+wOyDR55UMFA+tWfhtA==",
      "requires": {
        "@hapi/boom": "^10.0.0",
        "@hapi/hoek": "^10.0.0"
      }
    },
    "@hapi/bourne": {
      "version": "3.0.0",
      "resolved": "http://npm-registry.gdn-app.com/@hapi%2fbourne/-/bourne-3.0.0.tgz",
      "integrity": "sha512-Waj1cwPXJDucOib4a3bAISsKJVb15MKi9IvmTI/7ssVEm6sywXGjVJDhl6/umt1pK1ZS7PacXU3A1PmFKHEZ2w=="
    },
    "@hapi/call": {
      "version": "9.0.0",
      "resolved": "http://npm-registry.gdn-app.com/@hapi%2fcall/-/call-9.0.0.tgz",
      "integrity": "sha512-Z6byqbEtKF3RIH2kWG6cX64RwEqHBWYEVkNoEx6oKvkPaTrC6WTPRgr+ANo9Xa8G1GXyvs/NCMTnn3Mdj12TSA==",
      "requires": {
        "@hapi/boom": "^10.0.0",
        "@hapi/hoek": "^10.0.0"
      }
    },
    "@hapi/catbox": {
      "version": "12.1.0",
      "resolved": "http://npm-registry.gdn-app.com/@hapi%2fcatbox/-/catbox-12.1.0.tgz",
      "integrity": "sha512-60MCN5lgaXcuRTjMZqLR+DV0clS5RAFAwfYAQU2/na6PqrXHDRQcJwVMwP7jJayCrJm4POJlLDzZLuh1ba5XUg==",
      "requires": {
        "@hapi/boom": "^10.0.0",
        "@hapi/hoek": "^10.0.0",
        "@hapi/podium": "^5.0.0",
        "@hapi/validate": "^2.0.0"
      }
    },
    "@hapi/catbox-memory": {
      "version": "6.0.0",
      "resolved": "http://npm-registry.gdn-app.com/@hapi%2fcatbox-memory/-/catbox-memory-6.0.0.tgz",
      "integrity": "sha512-A1O30g8GdaODx/GinytF6jFm772pdTPVWJe0cF2RiTOfhgIAAagzCcpBqRgQ8olLui0F5bzUF/SAi4BmkZ4yxA==",
      "requires": {
        "@hapi/boom": "^10.0.0",
        "@hapi/hoek": "^10.0.0"
      }
    },
    "@hapi/content": {
      "version": "6.0.0",
      "resolved": "http://npm-registry.gdn-app.com/@hapi%2fcontent/-/content-6.0.0.tgz",
      "integrity": "sha512-CEhs7j+H0iQffKfe5Htdak5LBOz/Qc8TRh51cF+BFv0qnuph3Em4pjGVzJMkI2gfTDdlJKWJISGWS1rK34POGA==",
      "requires": {
        "@hapi/boom": "^10.0.0"
      }
    },
    "@hapi/cryptiles": {
      "version": "6.0.0",
      "resolved": "http://npm-registry.gdn-app.com/@hapi%2fcryptiles/-/cryptiles-6.0.0.tgz",
      "integrity": "sha512-CUypQJI2F3HaKZjwlky3KyLu7p0O4WJXNJj+2AZ0czqwkwQIz8j+btOkzA3OMar8WTntnCrDx0f92PzxEK+JlA==",
      "requires": {
        "@hapi/boom": "^10.0.0"
      }
    },
    "@hapi/file": {
      "version": "3.0.0",
      "resolved": "http://npm-registry.gdn-app.com/@hapi%2ffile/-/file-3.0.0.tgz",
      "integrity": "sha512-w+lKW+yRrLhJu620jT3y+5g2mHqnKfepreykvdOcl9/6up8GrQQn+l3FRTsjHTKbkbfQFkuksHpdv2EcpKcJ4Q=="
    },
    "@hapi/hapi": {
      "version": "21.1.0",
      "resolved": "http://npm-registry.gdn-app.com/@hapi%2fhapi/-/hapi-21.1.0.tgz",
      "integrity": "sha512-het7j9yLXZMVU1IvtN2JXkPkn/UcU1j8gsZxMS0Mu1q7791IQeyhT37tpRPUhqerOtL6L0E8Z8CvVVFOYxoN6w==",
      "requires": {
        "@hapi/accept": "^6.0.0",
        "@hapi/ammo": "^6.0.0",
        "@hapi/boom": "^10.0.0",
        "@hapi/bounce": "^3.0.0",
        "@hapi/call": "^9.0.0",
        "@hapi/catbox": "^12.0.0",
        "@hapi/catbox-memory": "^6.0.0",
        "@hapi/heavy": "^8.0.0",
        "@hapi/hoek": "^10.0.0",
        "@hapi/mimos": "^7.0.0",
        "@hapi/podium": "^5.0.0",
        "@hapi/shot": "^6.0.0",
        "@hapi/somever": "^4.1.0",
        "@hapi/statehood": "^8.0.0",
        "@hapi/subtext": "^8.0.0",
        "@hapi/teamwork": "^6.0.0",
        "@hapi/topo": "^6.0.0",
        "@hapi/validate": "^2.0.0"
      }
    },
    "@hapi/heavy": {
      "version": "8.0.0",
      "resolved": "http://npm-registry.gdn-app.com/@hapi%2fheavy/-/heavy-8.0.0.tgz",
      "integrity": "sha512-NpKo74mF66GSwYu31IZwp11/6NmaUYxHeMTKSky09XBs8fVbzQDP83856+l+Ji6wxGmUeg75itCu1ujvEF6mdA==",
      "requires": {
        "@hapi/boom": "^10.0.0",
        "@hapi/hoek": "^10.0.0",
        "@hapi/validate": "^2.0.0"
      }
    },
    "@hapi/hoek": {
      "version": "10.0.1",
      "resolved": "http://npm-registry.gdn-app.com/@hapi%2fhoek/-/hoek-10.0.1.tgz",
      "integrity": "sha512-CvlW7jmOhWzuqOqiJQ3rQVLMcREh0eel4IBnxDx2FAcK8g7qoJRQK4L1CPBASoCY6y8e6zuCy3f2g+HWdkzcMw=="
    },
    "@hapi/iron": {
      "version": "7.0.0",
      "resolved": "http://npm-registry.gdn-app.com/@hapi%2firon/-/iron-7.0.0.tgz",
      "integrity": "sha512-NNXJP5fpeiTCPj/4OJG2PWBjWC0/V5D8YggS9RZeuBbfUUuTYE6TbdGqLUsCzIpPI54I8W5dhwEGbRv1CnWQtw==",
      "requires": {
        "@hapi/b64": "^6.0.0",
        "@hapi/boom": "^10.0.0",
        "@hapi/bourne": "^3.0.0",
        "@hapi/cryptiles": "^6.0.0",
        "@hapi/hoek": "^10.0.0"
      }
    },
    "@hapi/mimos": {
      "version": "7.0.0",
      "resolved": "http://npm-registry.gdn-app.com/@hapi%2fmimos/-/mimos-7.0.0.tgz",
      "integrity": "sha512-ALORTrZrrBPOUX05rW4htNajoekEjQtUi1PB+17/3xs/hkdQ+gSEFbs5GdJihA49qWf7td3v4PgnvOe8mcf/jQ==",
      "requires": {
        "@hapi/hoek": "^10.0.0",
        "mime-db": "^1.52.0"
      }
    },
    "@hapi/nigel": {
      "version": "5.0.0",
      "resolved": "http://npm-registry.gdn-app.com/@hapi%2fnigel/-/nigel-5.0.0.tgz",
      "integrity": "sha512-I9eq43BnSdz1BkvMpG7mFL7J+SIfn6DLNThuxFpIOAMUnkWbPgtcFP+HHrBAeoFkowfgQrr02vsIAkAPml4hvw==",
      "requires": {
        "@hapi/hoek": "^10.0.0",
        "@hapi/vise": "^5.0.0"
      }
    },
    "@hapi/pez": {
      "version": "6.0.0",
      "resolved": "http://npm-registry.gdn-app.com/@hapi%2fpez/-/pez-6.0.0.tgz",
      "integrity": "sha512-3bMmsvlqrVNqaNEe4JWLZVpJ40jXuQ3vDy1+fbhyJmuAdMCMCkWexsKc7fT+mu18pFIwJzlenjc4/VE3weTq7w==",
      "requires": {
        "@hapi/b64": "^6.0.0",
        "@hapi/boom": "^10.0.0",
        "@hapi/content": "^6.0.0",
        "@hapi/hoek": "^10.0.0",
        "@hapi/nigel": "^5.0.0"
      }
    },
    "@hapi/podium": {
      "version": "5.0.0",
      "resolved": "http://npm-registry.gdn-app.com/@hapi%2fpodium/-/podium-5.0.0.tgz",
      "integrity": "sha512-SbhFdu8LOIscMS82Zsoj9abcllAqbK4qBgznzJ9yr+vS2j1EomJTukkhxb76Lml0BHCd4Hn79F+3EQg06kcf8g==",
      "requires": {
        "@hapi/hoek": "^10.0.0",
        "@hapi/teamwork": "^6.0.0",
        "@hapi/validate": "^2.0.0"
      }
    },
    "@hapi/shot": {
      "version": "6.0.0",
      "resolved": "http://npm-registry.gdn-app.com/@hapi%2fshot/-/shot-6.0.0.tgz",
      "integrity": "sha512-RLGgzXy9GciJDunhY40NbVnLgYqp5gfBooZ2fOkAr4KbCEav/SJtYQS1N+knR7WFGzy8aooCR3XBUPI4ghHAkQ==",
      "requires": {
        "@hapi/hoek": "^10.0.0",
        "@hapi/validate": "^2.0.0"
      }
    },
    "@hapi/somever": {
      "version": "4.1.0",
      "resolved": "http://npm-registry.gdn-app.com/@hapi%2fsomever/-/somever-4.1.0.tgz",
      "integrity": "sha512-koNBYu7Jdcb7gaC4VcnU78rFxSlsYwuElm6NMznE0EEeznzJtvLLmDZX0SPX8kXWC/E7ONlE29HF/yiSOgWG1Q==",
      "requires": {
        "@hapi/bounce": "^3.0.0",
        "@hapi/hoek": "^9.0.0"
      },
      "dependencies": {
        "@hapi/hoek": {
          "version": "9.3.0",
          "resolved": "http://npm-registry.gdn-app.com/@hapi%2fhoek/-/hoek-9.3.0.tgz",
          "integrity": "sha512-/c6rf4UJlmHlC9b5BaNvzAcFv7HZ2QHaV0D4/HNlBdvFnvQq8RI4kYdhyPCl7Xj+oWvTWQ8ujhqS53LIgAe6KQ=="
        }
      }
    },
    "@hapi/statehood": {
      "version": "8.0.0",
      "resolved": "http://npm-registry.gdn-app.com/@hapi%2fstatehood/-/statehood-8.0.0.tgz",
      "integrity": "sha512-umQTPID7BwmqAv9Rx7yLtbTNzsYg4va96aLqKneb3mlBQG32uq4iOQZ6luwBVACDFhqU3C3ewhznhukN09ZkZQ==",
      "requires": {
        "@hapi/boom": "^10.0.0",
        "@hapi/bounce": "^3.0.0",
        "@hapi/bourne": "^3.0.0",
        "@hapi/cryptiles": "^6.0.0",
        "@hapi/hoek": "^10.0.0",
        "@hapi/iron": "^7.0.0",
        "@hapi/validate": "^2.0.0"
      }
    },
    "@hapi/subtext": {
      "version": "8.0.0",
      "resolved": "http://npm-registry.gdn-app.com/@hapi%2fsubtext/-/subtext-8.0.0.tgz",
      "integrity": "sha512-fD+LY1U1SIUNHZJrNMIbuGl3CAd9JN8slljarFO4b8RrifkzjqbvdlZu/6iT6zlNM35GtDExf7hIepbUFUkT7A==",
      "requires": {
        "@hapi/boom": "^10.0.0",
        "@hapi/bourne": "^3.0.0",
        "@hapi/content": "^6.0.0",
        "@hapi/file": "^3.0.0",
        "@hapi/hoek": "^10.0.0",
        "@hapi/pez": "^6.0.0",
        "@hapi/wreck": "^18.0.0"
      }
    },
    "@hapi/teamwork": {
      "version": "6.0.0",
      "resolved": "http://npm-registry.gdn-app.com/@hapi%2fteamwork/-/teamwork-6.0.0.tgz",
      "integrity": "sha512-05HumSy3LWfXpmJ9cr6HzwhAavrHkJ1ZRCmNE2qJMihdM5YcWreWPfyN0yKT2ZjCM92au3ZkuodjBxOibxM67A=="
    },
    "@hapi/topo": {
      "version": "6.0.0",
      "resolved": "http://npm-registry.gdn-app.com/@hapi%2ftopo/-/topo-6.0.0.tgz",
      "integrity": "sha512-aorJvN1Q1n5xrZuA50Z4X6adI6VAM2NalIVm46ALL9LUvdoqhof3JPY69jdJH8asM3PsWr2SUVYzp57EqUP41A==",
      "requires": {
        "@hapi/hoek": "^10.0.0"
      }
    },
    "@hapi/validate": {
      "version": "2.0.0",
      "resolved": "http://npm-registry.gdn-app.com/@hapi%2fvalidate/-/validate-2.0.0.tgz",
      "integrity": "sha512-w5m8MvBgqGndbMIB+AWmXTb8CLtF1DlIxbnbAHNAo7aFuNQuI1Ywc2e0zDLK5fbFXDoqRzNrHnC7JjNJ+hDigw==",
      "requires": {
        "@hapi/hoek": "^10.0.0",
        "@hapi/topo": "^6.0.0"
      }
    },
    "@hapi/vise": {
      "version": "5.0.0",
      "resolved": "http://npm-registry.gdn-app.com/@hapi%2fvise/-/vise-5.0.0.tgz",
      "integrity": "sha512-bz/PA7DHIvsd/2eoW7t9WpU8+k9pofZHppYEn1mCTOVnC/cGN3hCEYaoAe6BpoeJM72iJDKZEOWvQvfgCrmzxA==",
      "requires": {
        "@hapi/hoek": "^10.0.0"
      }
    },
    "@hapi/wreck": {
      "version": "18.0.0",
      "resolved": "http://npm-registry.gdn-app.com/@hapi%2fwreck/-/wreck-18.0.0.tgz",
      "integrity": "sha512-Yk9STxoM06Hjjq58cH0KFG91u9F2h9eVE72o8vUr3AfK80qt7I2POG5+cDGTEntbnvvzm0ERow2sjG3QsqCWUA==",
      "requires": {
        "@hapi/boom": "^10.0.0",
        "@hapi/bourne": "^3.0.0",
        "@hapi/hoek": "^10.0.0"
      }
    },
    "abbrev": {
      "version": "1.1.1",
      "resolved": "http://npm-registry.gdn-app.com/abbrev/-/abbrev-1.1.1.tgz",
      "integrity": "sha512-nne9/IiQ/hzIhY6pdDnbBtz7DjPTKrY00P/zvPSm5pOFkl6xuGrGnXn/VtTNNfNtAfZ9/1RtehkszU9qcTii0Q=="
    },
    "anymatch": {
      "version": "3.1.3",
      "resolved": "http://npm-registry.gdn-app.com/anymatch/-/anymatch-3.1.3.tgz",
      "integrity": "sha512-KMReFUr0B4t+D+OBkjR3KYqvocp2XaSzO55UcB6mgQMd3KbcE+mWTyvVV7D/zsdEbNnV6acZUutkiHQXvTr1Rw==",
      "requires": {
        "normalize-path": "^3.0.0",
        "picomatch": "^2.0.4"
      }
    },
    "balanced-match": {
      "version": "1.0.2",
      "resolved": "http://npm-registry.gdn-app.com/balanced-match/-/balanced-match-1.0.2.tgz",
      "integrity": "sha512-3oSeUO0TMV67hN1AmbXsK4yaqU7tjiHlbxRDZOpH0KW9+CeX4bRAaX0Anxt0tx2MrpRpWwQaPwIlISEJhYU5Pw=="
    },
    "binary-extensions": {
      "version": "2.2.0",
      "resolved": "http://npm-registry.gdn-app.com/binary-extensions/-/binary-extensions-2.2.0.tgz",
      "integrity": "sha512-jDctJ/IVQbZoJykoeHbhXpOlNBqGNcwXJKJog42E5HDPUwQTSdjCHdihjj0DlnheQ7blbT6dHOafNAiS8ooQKA=="
    },
    "brace-expansion": {
      "version": "1.1.11",
      "resolved": "http://npm-registry.gdn-app.com/brace-expansion/-/brace-expansion-1.1.11.tgz",
      "integrity": "sha512-iCuPHDFgrHX7H2vEI/5xpz07zSHB00TpugqhmYtVmMO6518mCuRMoOYFldEBl0g187ufozdaHgWKcYFb61qGiA==",
      "requires": {
        "balanced-match": "^1.0.0",
        "concat-map": "0.0.1"
      }
    },
    "braces": {
      "version": "3.0.2",
      "resolved": "http://npm-registry.gdn-app.com/braces/-/braces-3.0.2.tgz",
      "integrity": "sha512-b8um+L1RzM3WDSzvhm6gIz1yfTbBt6YTlcEKAvsmqCZZFw46z626lVj9j1yEPW33H5H+lBQpZMP1k8l+78Ha0A==",
      "requires": {
        "fill-range": "^7.0.1"
      }
    },
    "chokidar": {
      "version": "3.5.3",
      "resolved": "http://npm-registry.gdn-app.com/chokidar/-/chokidar-3.5.3.tgz",
      "integrity": "sha512-Dr3sfKRP6oTcjf2JmUmFJfeVMvXBdegxB0iVQ5eb2V10uFJUCAS8OByZdVAyVb8xXNz3GjjTgj9kLWsZTqE6kw==",
      "requires": {
        "anymatch": "~3.1.2",
        "braces": "~3.0.2",
        "fsevents": "~2.3.2",
        "glob-parent": "~5.1.2",
        "is-binary-path": "~2.1.0",
        "is-glob": "~4.0.1",
        "normalize-path": "~3.0.0",
        "readdirp": "~3.6.0"
      }
    },
    "concat-map": {
      "version": "0.0.1",
      "resolved": "http://npm-registry.gdn-app.com/concat-map/-/concat-map-0.0.1.tgz",
      "integrity": "sha1-2Klr13/Wjfd5OnMDajug1UBdR3s="
    },
    "debug": {
      "version": "3.2.7",
      "resolved": "http://npm-registry.gdn-app.com/debug/-/debug-3.2.7.tgz",
      "integrity": "sha512-CFjzYYAi4ThfiQvizrFQevTTXHtnCqWfe7x1AhgEscTz6ZbLbfoLRLPugTQyBth6f8ZERVUSyWHFD/7Wu4t1XQ==",
      "requires": {
        "ms": "^2.1.1"
      }
    },
    "fill-range": {
      "version": "7.0.1",
      "resolved": "http://npm-registry.gdn-app.com/fill-range/-/fill-range-7.0.1.tgz",
      "integrity": "sha512-qOo9F+dMUmC2Lcb4BbVvnKJxTPjCm+RRpe4gDuGrzkL7mEVl/djYSu2OdQ2Pa302N4oqkSg9ir6jaLWJ2USVpQ==",
      "requires": {
        "to-regex-range": "^5.0.1"
      }
    },
    "fsevents": {
      "version": "2.3.2",
      "resolved": "http://npm-registry.gdn-app.com/fsevents/-/fsevents-2.3.2.tgz",
      "integrity": "sha512-xiqMQR4xAeHTuB9uWm+fFRcIOgKBMiOBP+eXiyT7jsgVCq1bkVygt00oASowB7EdtpOHaaPgKt812P9ab+DDKA==",
      "optional": true
    },
    "glob-parent": {
      "version": "5.1.2",
      "resolved": "http://npm-registry.gdn-app.com/glob-parent/-/glob-parent-5.1.2.tgz",
      "integrity": "sha512-AOIgSQCepiJYwP3ARnGx+5VnTu2HBYdzbGP45eLw1vr3zB3vZLeyed1sC9hnbcOc9/SrMyM5RPQrkGz4aS9Zow==",
      "requires": {
        "is-glob": "^4.0.1"
      }
    },
    "has-flag": {
      "version": "3.0.0",
      "resolved": "http://npm-registry.gdn-app.com/has-flag/-/has-flag-3.0.0.tgz",
      "integrity": "sha1-tdRU3CGZriJWmfNGfloH87lVuv0="
    },
    "ignore-by-default": {
      "version": "1.0.1",
      "resolved": "http://npm-registry.gdn-app.com/ignore-by-default/-/ignore-by-default-1.0.1.tgz",
      "integrity": "sha1-SMptcvbGo68Aqa1K5odr44ieKwk="
    },
    "is-binary-path": {
      "version": "2.1.0",
      "resolved": "http://npm-registry.gdn-app.com/is-binary-path/-/is-binary-path-2.1.0.tgz",
      "integrity": "sha512-ZMERYes6pDydyuGidse7OsHxtbI7WVeUEozgR/g7rd0xUimYNlvZRE/K2MgZTjWy725IfelLeVcEM97mmtRGXw==",
      "requires": {
        "binary-extensions": "^2.0.0"
      }
    },
    "is-extglob": {
      "version": "2.1.1",
      "resolved": "http://npm-registry.gdn-app.com/is-extglob/-/is-extglob-2.1.1.tgz",
      "integrity": "sha1-qIwCU1eR8C7TfHahueqXc8gz+MI="
    },
    "is-glob": {
      "version": "4.0.3",
      "resolved": "http://npm-registry.gdn-app.com/is-glob/-/is-glob-4.0.3.tgz",
      "integrity": "sha512-xelSayHH36ZgE7ZWhli7pW34hNbNl8Ojv5KVmkJD4hBdD3th8Tfk9vYasLM+mXWOZhFkgZfxhLSnrwRr4elSSg==",
      "requires": {
        "is-extglob": "^2.1.1"
      }
    },
    "is-number": {
      "version": "7.0.0",
      "resolved": "http://npm-registry.gdn-app.com/is-number/-/is-number-7.0.0.tgz",
      "integrity": "sha512-41Cifkg6e8TylSpdtTpeLVMqvSBEVzTttHvERD741+pnZ8ANv0004MRL43QKPDlK9cGvNp6NZWZUBlbGXYxxng=="
    },
    "mime-db": {
      "version": "1.52.0",
      "resolved": "http://npm-registry.gdn-app.com/mime-db/-/mime-db-1.52.0.tgz",
      "integrity": "sha512-sPU4uV7dYlvtWJxwwxHD0PuihVNiE7TyAbQ5SWxDCB9mUYvOgroQOwYQQOKPJ8CIbE+1ETVlOoK1UC2nU3gYvg=="
    },
    "minimatch": {
      "version": "3.1.2",
      "resolved": "http://npm-registry.gdn-app.com/minimatch/-/minimatch-3.1.2.tgz",
      "integrity": "sha512-J7p63hRiAjw1NDEww1W7i37+ByIrOWO5XQQAzZ3VOcL0PNybwpfmV/N05zFAzwQ9USyEcX6t3UO+K5aqBQOIHw==",
      "requires": {
        "brace-expansion": "^1.1.7"
      }
    },
    "ms": {
      "version": "2.1.3",
      "resolved": "http://npm-registry.gdn-app.com/ms/-/ms-2.1.3.tgz",
      "integrity": "sha512-6FlzubTLZG3J2a/NVCAleEhjzq5oxgHyaCU9yYXvcLsvoVaHJq/s5xXI6/XXP6tz7R9xAOtHnSO/tXtF3WRTlA=="
    },
    "nodemon": {
      "version": "2.0.20",
      "resolved": "http://npm-registry.gdn-app.com/nodemon/-/nodemon-2.0.20.tgz",
      "integrity": "sha512-Km2mWHKKY5GzRg6i1j5OxOHQtuvVsgskLfigG25yTtbyfRGn/GNvIbRyOf1PSCKJ2aT/58TiuUsuOU5UToVViw==",
      "requires": {
        "chokidar": "^3.5.2",
        "debug": "^3.2.7",
        "ignore-by-default": "^1.0.1",
        "minimatch": "^3.1.2",
        "pstree.remy": "^1.1.8",
        "semver": "^5.7.1",
        "simple-update-notifier": "^1.0.7",
        "supports-color": "^5.5.0",
        "touch": "^3.1.0",
        "undefsafe": "^2.0.5"
      }
    },
    "nopt": {
      "version": "1.0.10",
      "resolved": "http://npm-registry.gdn-app.com/nopt/-/nopt-1.0.10.tgz",
      "integrity": "sha1-bd0hvSoxQXuScn3Vhfim83YI6+4=",
      "requires": {
        "abbrev": "1"
      }
    },
    "normalize-path": {
      "version": "3.0.0",
      "resolved": "http://npm-registry.gdn-app.com/normalize-path/-/normalize-path-3.0.0.tgz",
      "integrity": "sha512-6eZs5Ls3WtCisHWp9S2GUy8dqkpGi4BVSz3GaqiE6ezub0512ESztXUwUB6C6IKbQkY2Pnb/mD4WYojCRwcwLA=="
    },
    "picomatch": {
      "version": "2.3.1",
      "resolved": "http://npm-registry.gdn-app.com/picomatch/-/picomatch-2.3.1.tgz",
      "integrity": "sha512-JU3teHTNjmE2VCGFzuY8EXzCDVwEqB2a8fsIvwaStHhAWJEeVd1o1QD80CU6+ZdEXXSLbSsuLwJjkCBWqRQUVA=="
    },
    "pstree.remy": {
      "version": "1.1.8",
      "resolved": "http://npm-registry.gdn-app.com/pstree.remy/-/pstree.remy-1.1.8.tgz",
      "integrity": "sha512-77DZwxQmxKnu3aR542U+X8FypNzbfJ+C5XQDk3uWjWxn6151aIMGthWYRXTqT1E5oJvg+ljaa2OJi+VfvCOQ8w=="
    },
    "readdirp": {
      "version": "3.6.0",
      "resolved": "http://npm-registry.gdn-app.com/readdirp/-/readdirp-3.6.0.tgz",
      "integrity": "sha512-hOS089on8RduqdbhvQ5Z37A0ESjsqz6qnRcffsMU3495FuTdqSm+7bhJ29JvIOsBDEEnan5DPu9t3To9VRlMzA==",
      "requires": {
        "picomatch": "^2.2.1"
      }
    },
    "semver": {
      "version": "5.7.1",
      "resolved": "http://npm-registry.gdn-app.com/semver/-/semver-5.7.1.tgz",
      "integrity": "sha512-sauaDf/PZdVgrLTNYHRtpXa1iRiKcaebiKQ1BJdpQlWH2lCvexQdX55snPFyK7QzpudqbCI0qXFfOasHdyNDGQ=="
    },
    "simple-update-notifier": {
      "version": "1.1.0",
      "resolved": "http://npm-registry.gdn-app.com/simple-update-notifier/-/simple-update-notifier-1.1.0.tgz",
      "integrity": "sha512-VpsrsJSUcJEseSbMHkrsrAVSdvVS5I96Qo1QAQ4FxQ9wXFcB+pjj7FB7/us9+GcgfW4ziHtYMc1J0PLczb55mg==",
      "requires": {
        "semver": "~7.0.0"
      },
      "dependencies": {
        "semver": {
          "version": "7.0.0",
          "resolved": "http://npm-registry.gdn-app.com/semver/-/semver-7.0.0.tgz",
          "integrity": "sha512-+GB6zVA9LWh6zovYQLALHwv5rb2PHGlJi3lfiqIHxR0uuwCgefcOJc59v9fv1w8GbStwxuuqqAjI9NMAOOgq1A=="
        }
      }
    },
    "supports-color": {
      "version": "5.5.0",
      "resolved": "http://npm-registry.gdn-app.com/supports-color/-/supports-color-5.5.0.tgz",
      "integrity": "sha512-QjVjwdXIt408MIiAqCX4oUKsgU2EqAGzs2Ppkm4aQYbjm+ZEWEcW4SfFNTr4uMNZma0ey4f5lgLrkB0aX0QMow==",
      "requires": {
        "has-flag": "^3.0.0"
      }
    },
    "to-regex-range": {
      "version": "5.0.1",
      "resolved": "http://npm-registry.gdn-app.com/to-regex-range/-/to-regex-range-5.0.1.tgz",
      "integrity": "sha512-65P7iz6X5yEr1cwcgvQxbbIw7Uk3gOy5dIdtZ4rDveLqhrdJP+Li/Hx6tyK0NEb+2GCyneCMJiGqrADCSNk8sQ==",
      "requires": {
        "is-number": "^7.0.0"
      }
    },
    "touch": {
      "version": "3.1.0",
      "resolved": "http://npm-registry.gdn-app.com/touch/-/touch-3.1.0.tgz",
      "integrity": "sha512-WBx8Uy5TLtOSRtIq+M03/sKDrXCLHxwDcquSP2c43Le03/9serjQBIztjRz6FkJez9D/hleyAXTBGLwwZUw9lA==",
      "requires": {
        "nopt": "~1.0.10"
      }
    },
    "undefsafe": {
      "version": "2.0.5",
      "resolved": "http://npm-registry.gdn-app.com/undefsafe/-/undefsafe-2.0.5.tgz",
      "integrity": "sha512-WxONCrssBM8TSPRqN5EmsjVrsv4A8X12J4ArBiiayv3DyyG3ZlIg6yysuuSYdZsVz3TKcTg2fd//Ujd4CHV1iA=="
    }
  }
}
